
Microsoft Visual Studio Solution File, Format Version 12.00
# Visual Studio Version 17
VisualStudioVersion = 17.12.35323.107
MinimumVisualStudioVersion = 10.0.40219.1
Project("{FAE04EC0-301F-11D3-BF4B-00C04F79EFBC}") = "WebApplication1", "WebApplication1\WebApplication1.csproj", "{149316FF-EA6F-4D15-935D-EA42ECCFFEE3}"
EndProject
Project("{FAE04EC0-301F-11D3-BF4B-00C04F79EFBC}") = "TestSamples", "tests\TestSamples.csproj", "{92F1367D-1DC7-4C5F-924A-09B2B5640D1A}"
EndProject
Global
	GlobalSection(SolutionConfigurationPlatforms) = preSolution
		Debug|Any CPU = Debug|Any CPU
		Release|Any CPU = Release|Any CPU
	EndGlobalSection
	GlobalSection(ProjectConfigurationPlatforms) = postSolution
		{149316FF-EA6F-4D15-935D-EA42ECCFFEE3}.Debug|Any CPU.ActiveCfg = Debug|Any CPU
		{149316FF-EA6F-4D15-935D-EA42ECCFFEE3}.Debug|Any CPU.Build.0 = Debug|Any CPU
		{149316FF-EA6F-4D15-935D-EA42ECCFFEE3}.Release|Any CPU.ActiveCfg = Release|Any CPU
		{149316FF-EA6F-4D15-935D-EA42ECCFFEE3}.Release|Any CPU.Build.0 = Release|Any CPU
		{92F1367D-1DC7-4C5F-924A-09B2B5640D1A}.Debug|Any CPU.ActiveCfg = Debug|Any CPU
		{92F1367D-1DC7-4C5F-924A-09B2B5640D1A}.Debug|Any CPU.Build.0 = Debug|Any CPU
		{92F1367D-1DC7-4C5F-924A-09B2B5640D1A}.Release|Any CPU.ActiveCfg = Release|Any CPU
		{92F1367D-1DC7-4C5F-924A-09B2B5640D1A}.Release|Any CPU.Build.0 = Release|Any CPU
	EndGlobalSection
	GlobalSection(SolutionProperties) = preSolution
		HideSolutionNode = FALSE
	EndGlobalSection
	GlobalSection(ExtensibilityGlobals) = postSolution
		SolutionGuid = {58ECBF13-B8D1-456F-BA45-F17B15CB09EA}
	EndGlobalSection
EndGlobal
